
Microsoft Visual Studio Solution File, Format Version 12.00
# Visual Studio Version 17
VisualStudioVersion = 17.3.32929.385
MinimumVisualStudioVersion = 10.0.40219.1
Project("{FAE04EC0-301F-11D3-BF4B-00C04F79EFBC}") = "SOLID Principles With Examples", "SOLID Principles With Examples\SOLID Principles With Examples.csproj", "{9075CBD3-7E48-4A0E-9B9F-C3F89C499E32}"
EndProject
Global
	GlobalSection(SolutionConfigurationPlatforms) = preSolution
		Debug|Any CPU = Debug|Any CPU
		Release|Any CPU = Release|Any CPU
	EndGlobalSection
	GlobalSection(ProjectConfigurationPlatforms) = postSolution
		{9075CBD3-7E48-4A0E-9B9F-C3F89C499E32}.Debug|Any CPU.ActiveCfg = Debug|Any CPU
		{9075CBD3-7E48-4A0E-9B9F-C3F89C499E32}.Debug|Any CPU.Build.0 = Debug|Any CPU
		{9075CBD3-7E48-4A0E-9B9F-C3F89C499E32}.Release|Any CPU.ActiveCfg = Release|Any CPU
		{9075CBD3-7E48-4A0E-9B9F-C3F89C499E32}.Release|Any CPU.Build.0 = Release|Any CPU
	EndGlobalSection
	GlobalSection(SolutionProperties) = preSolution
		HideSolutionNode = FALSE
	EndGlobalSection
	GlobalSection(ExtensibilityGlobals) = postSolution
		SolutionGuid = {3A24DB8B-DB45-41F9-B00D-808B7B3796D5}
	EndGlobalSection
EndGlobal
